
Microsoft Visual Studio Solution File, Format Version 12.00
# Visual Studio Version 16
VisualStudioVersion = 16.0.31313.79
MinimumVisualStudioVersion = 10.0.40219.1
Project("{FAE04EC0-301F-11D3-BF4B-00C04F79EFBC}") = "WSSaityCore", "WSSaityCore.csproj", "{CF007AD9-C1E9-449F-92F4-C88D6F95269B}"
EndProject
Global
	GlobalSection(SolutionConfigurationPlatforms) = preSolution
		Debug|Any CPU = Debug|Any CPU
		Release|Any CPU = Release|Any CPU
	EndGlobalSection
	GlobalSection(ProjectConfigurationPlatforms) = postSolution
		{CF007AD9-C1E9-449F-92F4-C88D6F95269B}.Debug|Any CPU.ActiveCfg = Debug|Any CPU
		{CF007AD9-C1E9-449F-92F4-C88D6F95269B}.Debug|Any CPU.Build.0 = Debug|Any CPU
		{CF007AD9-C1E9-449F-92F4-C88D6F95269B}.Release|Any CPU.ActiveCfg = Debug|Any CPU
		{CF007AD9-C1E9-449F-92F4-C88D6F95269B}.Release|Any CPU.Build.0 = Debug|Any CPU
	EndGlobalSection
	GlobalSection(SolutionProperties) = preSolution
		HideSolutionNode = FALSE
	EndGlobalSection
	GlobalSection(ExtensibilityGlobals) = postSolution
		SolutionGuid = {93CE7862-E9BC-4217-B91E-049267031B74}
	EndGlobalSection
EndGlobal
